
Microsoft Visual Studio Solution File, Format Version 12.00
# Visual Studio Version 16
VisualStudioVersion = 16.0.28803.202
MinimumVisualStudioVersion = 10.0.40219.1
Project("{FAE04EC0-301F-11D3-BF4B-00C04F79EFBC}") = "FeedLabelPrint", "FeedLabelPrint.csproj", "{4C66B48B-6721-4A75-B88E-FED17ABC6667}"
EndProject
Project("{2150E333-8FDC-42A3-9474-1A3956D46DE8}") = "docs", "docs", "{23E27FAE-769A-4758-BF3A-F515C68FBCFB}"
	ProjectSection(SolutionItems) = preProject
		说明.txt = 说明.txt
	EndProjectSection
EndProject
Project("{2150E333-8FDC-42A3-9474-1A3956D46DE8}") = "build", "build", "{AF724402-040F-4114-A547-A88D89790328}"
	ProjectSection(SolutionItems) = preProject
		BuildAndInstall.ps1 = BuildAndInstall.ps1
	EndProjectSection
EndProject
Global
	GlobalSection(SolutionConfigurationPlatforms) = preSolution
		Debug|Any CPU = Debug|Any CPU
		Release|Any CPU = Release|Any CPU
	EndGlobalSection
	GlobalSection(ProjectConfigurationPlatforms) = postSolution
		{4C66B48B-6721-4A75-B88E-FED17ABC6667}.Debug|Any CPU.ActiveCfg = Debug|Any CPU
		{4C66B48B-6721-4A75-B88E-FED17ABC6667}.Debug|Any CPU.Build.0 = Debug|Any CPU
		{4C66B48B-6721-4A75-B88E-FED17ABC6667}.Release|Any CPU.ActiveCfg = Release|Any CPU
		{4C66B48B-6721-4A75-B88E-FED17ABC6667}.Release|Any CPU.Build.0 = Release|Any CPU
	EndGlobalSection
	GlobalSection(SolutionProperties) = preSolution
		HideSolutionNode = FALSE
	EndGlobalSection
	GlobalSection(ExtensibilityGlobals) = postSolution
		SolutionGuid = {636B1828-AAA4-4C5C-8596-FA92CA98C801}
	EndGlobalSection
EndGlobal
